
Microsoft Visual Studio Solution File, Format Version 12.00
# Visual Studio Version 16
VisualStudioVersion = 16.0.32002.261
MinimumVisualStudioVersion = 10.0.40219.1
Project("{FAE04EC0-301F-11D3-BF4B-00C04F79EFBC}") = "vertically n table - looping", "vertically n table - looping\vertically n table - looping.csproj", "{40A9AC48-36F0-4B3A-B490-B0E2AD183C29}"
EndProject
Global
	GlobalSection(SolutionConfigurationPlatforms) = preSolution
		Debug|Any CPU = Debug|Any CPU
		Release|Any CPU = Release|Any CPU
	EndGlobalSection
	GlobalSection(ProjectConfigurationPlatforms) = postSolution
		{40A9AC48-36F0-4B3A-B490-B0E2AD183C29}.Debug|Any CPU.ActiveCfg = Debug|Any CPU
		{40A9AC48-36F0-4B3A-B490-B0E2AD183C29}.Debug|Any CPU.Build.0 = Debug|Any CPU
		{40A9AC48-36F0-4B3A-B490-B0E2AD183C29}.Release|Any CPU.ActiveCfg = Release|Any CPU
		{40A9AC48-36F0-4B3A-B490-B0E2AD183C29}.Release|Any CPU.Build.0 = Release|Any CPU
	EndGlobalSection
	GlobalSection(SolutionProperties) = preSolution
		HideSolutionNode = FALSE
	EndGlobalSection
	GlobalSection(ExtensibilityGlobals) = postSolution
		SolutionGuid = {848D5813-1161-46B4-899D-AE6682058FCA}
	EndGlobalSection
EndGlobal
